
Microsoft Visual Studio Solution File, Format Version 12.00
# Visual Studio 15
VisualStudioVersion = 15.0.28307.329
MinimumVisualStudioVersion = 10.0.40219.1
Project("{FAE04EC0-301F-11D3-BF4B-00C04F79EFBC}") = "EFCoreExpandTest", "EFCoreExpandTest\EFCoreExpandTest.csproj", "{C3523A32-123D-4AC4-B0AA-367272167B37}"
EndProject
Global
	GlobalSection(SolutionConfigurationPlatforms) = preSolution
		Debug|Any CPU = Debug|Any CPU
		Release|Any CPU = Release|Any CPU
	EndGlobalSection
	GlobalSection(ProjectConfigurationPlatforms) = postSolution
		{C3523A32-123D-4AC4-B0AA-367272167B37}.Debug|Any CPU.ActiveCfg = Debug|Any CPU
		{C3523A32-123D-4AC4-B0AA-367272167B37}.Debug|Any CPU.Build.0 = Debug|Any CPU
		{C3523A32-123D-4AC4-B0AA-367272167B37}.Release|Any CPU.ActiveCfg = Release|Any CPU
		{C3523A32-123D-4AC4-B0AA-367272167B37}.Release|Any CPU.Build.0 = Release|Any CPU
	EndGlobalSection
	GlobalSection(SolutionProperties) = preSolution
		HideSolutionNode = FALSE
	EndGlobalSection
	GlobalSection(ExtensibilityGlobals) = postSolution
		SolutionGuid = {E6EB0718-555B-4394-9860-E2735651C66D}
	EndGlobalSection
EndGlobal
